
Microsoft Visual Studio Solution File, Format Version 12.00
# Visual Studio Version 16
VisualStudioVersion = 16.0.30309.148
MinimumVisualStudioVersion = 10.0.40219.1
Project("{9A19103F-16F7-4668-BE54-9A1E7A4F7556}") = "API", "API\API.csproj", "{900829CE-1B38-4049-AAB0-2FAC6813F423}"
EndProject
Project("{FAE04EC0-301F-11D3-BF4B-00C04F79EFBC}") = "Testing", "Testing\Testing.csproj", "{BCE6B027-9C1F-4910-A72B-3AFC36E01BFC}"
EndProject
Global
	GlobalSection(SolutionConfigurationPlatforms) = preSolution
		Debug|Any CPU = Debug|Any CPU
		Release|Any CPU = Release|Any CPU
	EndGlobalSection
	GlobalSection(ProjectConfigurationPlatforms) = postSolution
		{900829CE-1B38-4049-AAB0-2FAC6813F423}.Debug|Any CPU.ActiveCfg = Debug|Any CPU
		{900829CE-1B38-4049-AAB0-2FAC6813F423}.Debug|Any CPU.Build.0 = Debug|Any CPU
		{900829CE-1B38-4049-AAB0-2FAC6813F423}.Release|Any CPU.ActiveCfg = Release|Any CPU
		{900829CE-1B38-4049-AAB0-2FAC6813F423}.Release|Any CPU.Build.0 = Release|Any CPU
		{BCE6B027-9C1F-4910-A72B-3AFC36E01BFC}.Debug|Any CPU.ActiveCfg = Debug|Any CPU
		{BCE6B027-9C1F-4910-A72B-3AFC36E01BFC}.Debug|Any CPU.Build.0 = Debug|Any CPU
		{BCE6B027-9C1F-4910-A72B-3AFC36E01BFC}.Release|Any CPU.ActiveCfg = Release|Any CPU
		{BCE6B027-9C1F-4910-A72B-3AFC36E01BFC}.Release|Any CPU.Build.0 = Release|Any CPU
	EndGlobalSection
	GlobalSection(SolutionProperties) = preSolution
		HideSolutionNode = FALSE
	EndGlobalSection
	GlobalSection(ExtensibilityGlobals) = postSolution
		SolutionGuid = {CFEEB443-25DC-4C18-87CC-E7106F3F0F66}
	EndGlobalSection
EndGlobal
